// !$*UTF8*$!
{
	archiveVersion = 1;
	classes = {
	};
	objectVersion = 46;
	objects = {

/* Begin PBXBuildFile section */
		00E356F31AD99517003FC87E /* NativebaseKitchenSinkTests.m in Sources */ = {isa = PBXBuildFile; fileRef = 00E356F21AD99517003FC87E /* NativebaseKitchenSinkTests.m */; };
		13B07FBC1A68108700A75B9A /* AppDelegate.m in Sources */ = {isa = PBXBuildFile; fileRef = 13B07FB01A68108700A75B9A /* AppDelegate.m */; };
		13B07FBD1A68108700A75B9A /* LaunchScreen.xib in Resources */ = {isa = PBXBuildFile; fileRef = 13B07FB11A68108700A75B9A /* LaunchScreen.xib */; };
		13B07FBF1A68108700A75B9A /* Images.xcassets in Resources */ = {isa = PBXBuildFile; fileRef = 13B07FB51A68108700A75B9A /* Images.xcassets */; };
		13B07FC11A68108700A75B9A /* main.m in Sources */ = {isa = PBXBuildFile; fileRef = 13B07FB71A68108700A75B9A /* main.m */; };
		29441F494B01C5746CE62F57 /* libPods-NativebaseKitchenSink.a in Frameworks */ = {isa = PBXBuildFile; fileRef = D50C9AB56BEE6FFA3B57DE43 /* libPods-NativebaseKitchenSink.a */; };
		2D02E4BC1E0B4A80006451C7 /* AppDelegate.m in Sources */ = {isa = PBXBuildFile; fileRef = 13B07FB01A68108700A75B9A /* AppDelegate.m */; };
		2D02E4BD1E0B4A84006451C7 /* Images.xcassets in Resources */ = {isa = PBXBuildFile; fileRef = 13B07FB51A68108700A75B9A /* Images.xcassets */; };
		2D02E4BF1E0B4AB3006451C7 /* main.m in Sources */ = {isa = PBXBuildFile; fileRef = 13B07FB71A68108700A75B9A /* main.m */; };
		2DCD954D1E0B4F2C00145EB5 /* NativebaseKitchenSinkTests.m in Sources */ = {isa = PBXBuildFile; fileRef = 00E356F21AD99517003FC87E /* NativebaseKitchenSinkTests.m */; };
		AC8A0ABD10A85764406FEA0B /* libPods-NativebaseKitchenSink-tvOS.a in Frameworks */ = {isa = PBXBuildFile; fileRef = 6A35D4A20429E7246E5D3D8F /* libPods-NativebaseKitchenSink-tvOS.a */; };
		E5C67F66065B717A6C221257 /* libPods-NativebaseKitchenSinkTests.a in Frameworks */ = {isa = PBXBuildFile; fileRef = 41F82F70BF817C831FFBF4C3 /* libPods-NativebaseKitchenSinkTests.a */; };
		FA47B5F1713775B42272D1C1 /* libPods-NativebaseKitchenSink-tvOSTests.a in Frameworks */ = {isa = PBXBuildFile; fileRef = 56549E129171A5BDD6DD05CF /* libPods-NativebaseKitchenSink-tvOSTests.a */; };
		33CBCD0CD43847118620DAC5 /* camera.png in Resources */ = {isa = PBXBuildFile; fileRef = 2ED7EB2F6FDD4C99AA9F5602 /* camera.png */; };
		5654C7A2560B4F9E88CC79D5 /* atul.png in Resources */ = {isa = PBXBuildFile; fileRef = F3D4190268C0477A8AFAEB59 /* atul.png */; };
		1B057DAB0F844173A04A9CAC /* himanshu.png in Resources */ = {isa = PBXBuildFile; fileRef = 60AD7C39C24D4861AB1BA4C0 /* himanshu.png */; };
		D751EB7937604DFB94B330D5 /* megha.png in Resources */ = {isa = PBXBuildFile; fileRef = 19A5DCDF64374832918720EB /* megha.png */; };
		D5906C0102CA415AA2F9974C /* pratik.png in Resources */ = {isa = PBXBuildFile; fileRef = BD77B4DAD5D54D5C897D78C2 /* pratik.png */; };
		3BE7AAEC1BA04B9B969272CD /* sanket.png in Resources */ = {isa = PBXBuildFile; fileRef = B9BF4538FE0E403BB6DA702D /* sanket.png */; };
		D831E138A1D7429EAB9D9B44 /* sankhadeep.png in Resources */ = {isa = PBXBuildFile; fileRef = 731B3ACBAC7E4BF2B973FBB9 /* sankhadeep.png */; };
		C7C3C118EA01493BB86BEC1A /* saurabh.png in Resources */ = {isa = PBXBuildFile; fileRef = 29EABD6B85264763B150365C /* saurabh.png */; };
		9D67C3AC8AFE4811B0E2D265 /* shivraj.png in Resources */ = {isa = PBXBuildFile; fileRef = 10CB630603F04F1B8D6584A2 /* shivraj.png */; };
		89A057291F3A4855BCF0C97E /* shruti.png in Resources */ = {isa = PBXBuildFile; fileRef = F6FA1DC093D544DDBD5605B8 /* shruti.png */; };
		7CB4DC830A5247A386D457DC /* shweta.png in Resources */ = {isa = PBXBuildFile; fileRef = 52534F6BF6CF417FB3FEAA46 /* shweta.png */; };
		B2090B67AD23406F87266ED7 /* supriya.png in Resources */ = {isa = PBXBuildFile; fileRef = D4DF61EF7FAB4D569D8B763D /* supriya.png */; };
		132C2635CCCD418B92BACA4C /* varun.png in Resources */ = {isa = PBXBuildFile; fileRef = 5A1F82400174460CAE81AA3D /* varun.png */; };
		A0EC6924A58E4EF3A84D1056 /* drawer-cover.png in Resources */ = {isa = PBXBuildFile; fileRef = 3207DA20D8F14283880A2DF7 /* drawer-cover.png */; };
		46E94A45C4614D198E664D02 /* header-transparent.png in Resources */ = {isa = PBXBuildFile; fileRef = 137E954FD1CB48FF93ACB41A /* header-transparent.png */; };
		C4C95D0A9EE441C791A419B6 /* launchscreen-bg.png in Resources */ = {isa = PBXBuildFile; fileRef = A26FA9C80B094AFDB19CB7BC /* launchscreen-bg.png */; };
		698A7AC6A9CC4A70AFAD12CE /* logo-kitchen-sink.png in Resources */ = {isa = PBXBuildFile; fileRef = 75DCDB205F2E486DBD4A246C /* logo-kitchen-sink.png */; };
		8932063B15844C32AAFD1BD8 /* logo.png in Resources */ = {isa = PBXBuildFile; fileRef = 19DA0915D48C48B4AABC3CF1 /* logo.png */; };
		0FE3DB8166B2488793DB8BED /* splashscreen.png in Resources */ = {isa = PBXBuildFile; fileRef = D94F6399803047568DAE9F6E /* splashscreen.png */; };
		F280C6D82E8746ABB8811085 /* swiper-1.png in Resources */ = {isa = PBXBuildFile; fileRef = 1ECB813E9CC94B9C973438DA /* swiper-1.png */; };
		86CF9BBDF1624BBE856CB7C4 /* swiper-2.png in Resources */ = {isa = PBXBuildFile; fileRef = 3841C5D63A3D47378FEFFA7B /* swiper-2.png */; };
		EC8DC62244D941EEB095F812 /* swiper-3.png in Resources */ = {isa = PBXBuildFile; fileRef = 24FFFA4DB542426E9015C131 /* swiper-3.png */; };
		4067A183672C446993268777 /* swiper-4.png in Resources */ = {isa = PBXBuildFile; fileRef = 3C962520E03A4359B5A43534 /* swiper-4.png */; };
		56317460CCE24523863252BC /* web-cover1.png in Resources */ = {isa = PBXBuildFile; fileRef = CDBAA9516E3E4916B70816E9 /* web-cover1.png */; };
		C0246FAF69C34E85A0DFEF2A /* Roboto_medium.ttf in Resources */ = {isa = PBXBuildFile; fileRef = 36C31F546B8F439C89D08EB1 /* Roboto_medium.ttf */; };
		8EF60BD51C944EB5855DBB9E /* Roboto.ttf in Resources */ = {isa = PBXBuildFile; fileRef = A936E71D0AB24426B2650155 /* Roboto.ttf */; };
		EE2C90C75C404E3DB820A645 /* rubicon-icon-font.ttf in Resources */ = {isa = PBXBuildFile; fileRef = 2DF72FCE8592439AAACE84FB /* rubicon-icon-font.ttf */; };
/* End PBXBuildFile section */

/* Begin PBXContainerItemProxy section */
		00E356F41AD99517003FC87E /* PBXContainerItemProxy */ = {
			isa = PBXContainerItemProxy;
			containerPortal = 83CBB9F71A601CBA00E9B192 /* Project object */;
			proxyType = 1;
			remoteGlobalIDString = 13B07F861A680F5B00A75B9A;
			remoteInfo = NativebaseKitchenSink;
		};
		2D02E4911E0B4A5D006451C7 /* PBXContainerItemProxy */ = {
			isa = PBXContainerItemProxy;
			containerPortal = 83CBB9F71A601CBA00E9B192 /* Project object */;
			proxyType = 1;
			remoteGlobalIDString = 2D02E47A1E0B4A5D006451C7;
			remoteInfo = "NativebaseKitchenSink-tvOS";
		};
/* End PBXContainerItemProxy section */

/* Begin PBXFileReference section */
		008F07F21AC5B25A0029DE68 /* main.jsbundle */ = {isa = PBXFileReference; fileEncoding = 4; lastKnownFileType = text; path = main.jsbundle; sourceTree = "<group>"; };
		00E356EE1AD99517003FC87E /* NativebaseKitchenSinkTests.xctest */ = {isa = PBXFileReference; explicitFileType = wrapper.cfbundle; includeInIndex = 0; path = NativebaseKitchenSinkTests.xctest; sourceTree = BUILT_PRODUCTS_DIR; };
		00E356F11AD99517003FC87E /* Info.plist */ = {isa = PBXFileReference; lastKnownFileType = text.plist.xml; path = Info.plist; sourceTree = "<group>"; };
		00E356F21AD99517003FC87E /* NativebaseKitchenSinkTests.m */ = {isa = PBXFileReference; lastKnownFileType = sourcecode.c.objc; path = NativebaseKitchenSinkTests.m; sourceTree = "<group>"; };
		13B07F961A680F5B00A75B9A /* NativebaseKitchenSink.app */ = {isa = PBXFileReference; explicitFileType = wrapper.application; includeInIndex = 0; path = NativebaseKitchenSink.app; sourceTree = BUILT_PRODUCTS_DIR; };
		13B07FAF1A68108700A75B9A /* AppDelegate.h */ = {isa = PBXFileReference; fileEncoding = 4; lastKnownFileType = sourcecode.c.h; name = AppDelegate.h; path = NativebaseKitchenSink/AppDelegate.h; sourceTree = "<group>"; };
		13B07FB01A68108700A75B9A /* AppDelegate.m */ = {isa = PBXFileReference; fileEncoding = 4; lastKnownFileType = sourcecode.c.objc; name = AppDelegate.m; path = NativebaseKitchenSink/AppDelegate.m; sourceTree = "<group>"; };
		13B07FB21A68108700A75B9A /* Base */ = {isa = PBXFileReference; lastKnownFileType = file.xib; name = Base; path = Base.lproj/LaunchScreen.xib; sourceTree = "<group>"; };
		13B07FB51A68108700A75B9A /* Images.xcassets */ = {isa = PBXFileReference; lastKnownFileType = folder.assetcatalog; name = Images.xcassets; path = NativebaseKitchenSink/Images.xcassets; sourceTree = "<group>"; };
		13B07FB61A68108700A75B9A /* Info.plist */ = {isa = PBXFileReference; fileEncoding = 4; lastKnownFileType = text.plist.xml; name = Info.plist; path = NativebaseKitchenSink/Info.plist; sourceTree = "<group>"; };
		13B07FB71A68108700A75B9A /* main.m */ = {isa = PBXFileReference; fileEncoding = 4; lastKnownFileType = sourcecode.c.objc; name = main.m; path = NativebaseKitchenSink/main.m; sourceTree = "<group>"; };
		17E2B85FF7662E4D45EAC83E /* Pods-NativebaseKitchenSink-tvOS.debug.xcconfig */ = {isa = PBXFileReference; includeInIndex = 1; lastKnownFileType = text.xcconfig; name = "Pods-NativebaseKitchenSink-tvOS.debug.xcconfig"; path = "Target Support Files/Pods-NativebaseKitchenSink-tvOS/Pods-NativebaseKitchenSink-tvOS.debug.xcconfig"; sourceTree = "<group>"; };
		2B18689080AA52A84BCB181B /* Pods-NativebaseKitchenSink-tvOSTests.release.xcconfig */ = {isa = PBXFileReference; includeInIndex = 1; lastKnownFileType = text.xcconfig; name = "Pods-NativebaseKitchenSink-tvOSTests.release.xcconfig"; path = "Target Support Files/Pods-NativebaseKitchenSink-tvOSTests/Pods-NativebaseKitchenSink-tvOSTests.release.xcconfig"; sourceTree = "<group>"; };
		2D02E47B1E0B4A5D006451C7 /* NativebaseKitchenSink-tvOS.app */ = {isa = PBXFileReference; explicitFileType = wrapper.application; includeInIndex = 0; path = "NativebaseKitchenSink-tvOS.app"; sourceTree = BUILT_PRODUCTS_DIR; };
		2D02E4901E0B4A5D006451C7 /* NativebaseKitchenSink-tvOSTests.xctest */ = {isa = PBXFileReference; explicitFileType = wrapper.cfbundle; includeInIndex = 0; path = "NativebaseKitchenSink-tvOSTests.xctest"; sourceTree = BUILT_PRODUCTS_DIR; };
		41F82F70BF817C831FFBF4C3 /* libPods-NativebaseKitchenSinkTests.a */ = {isa = PBXFileReference; explicitFileType = archive.ar; includeInIndex = 0; path = "libPods-NativebaseKitchenSinkTests.a"; sourceTree = BUILT_PRODUCTS_DIR; };
		56549E129171A5BDD6DD05CF /* libPods-NativebaseKitchenSink-tvOSTests.a */ = {isa = PBXFileReference; explicitFileType = archive.ar; includeInIndex = 0; path = "libPods-NativebaseKitchenSink-tvOSTests.a"; sourceTree = BUILT_PRODUCTS_DIR; };
		5A118F3878CFA84F3B48699E /* Pods-NativebaseKitchenSink.release.xcconfig */ = {isa = PBXFileReference; includeInIndex = 1; lastKnownFileType = text.xcconfig; name = "Pods-NativebaseKitchenSink.release.xcconfig"; path = "Target Support Files/Pods-NativebaseKitchenSink/Pods-NativebaseKitchenSink.release.xcconfig"; sourceTree = "<group>"; };
		6A35D4A20429E7246E5D3D8F /* libPods-NativebaseKitchenSink-tvOS.a */ = {isa = PBXFileReference; explicitFileType = archive.ar; includeInIndex = 0; path = "libPods-NativebaseKitchenSink-tvOS.a"; sourceTree = BUILT_PRODUCTS_DIR; };
		74E73C756F7E21EC1D4B3726 /* Pods-NativebaseKitchenSinkTests.release.xcconfig */ = {isa = PBXFileReference; includeInIndex = 1; lastKnownFileType = text.xcconfig; name = "Pods-NativebaseKitchenSinkTests.release.xcconfig"; path = "Target Support Files/Pods-NativebaseKitchenSinkTests/Pods-NativebaseKitchenSinkTests.release.xcconfig"; sourceTree = "<group>"; };
		8C8896614E75023895A9A24C /* Pods-NativebaseKitchenSink-tvOS.release.xcconfig */ = {isa = PBXFileReference; includeInIndex = 1; lastKnownFileType = text.xcconfig; name = "Pods-NativebaseKitchenSink-tvOS.release.xcconfig"; path = "Target Support Files/Pods-NativebaseKitchenSink-tvOS/Pods-NativebaseKitchenSink-tvOS.release.xcconfig"; sourceTree = "<group>"; };
		AE829EC6E565DCC30E0A9F21 /* Pods-NativebaseKitchenSinkTests.debug.xcconfig */ = {isa = PBXFileReference; includeInIndex = 1; lastKnownFileType = text.xcconfig; name = "Pods-NativebaseKitchenSinkTests.debug.xcconfig"; path = "Target Support Files/Pods-NativebaseKitchenSinkTests/Pods-NativebaseKitchenSinkTests.debug.xcconfig"; sourceTree = "<group>"; };
		C5F681E6ABA9F343BDE94D4F /* Pods-NativebaseKitchenSink-tvOSTests.debug.xcconfig */ = {isa = PBXFileReference; includeInIndex = 1; lastKnownFileType = text.xcconfig; name = "Pods-NativebaseKitchenSink-tvOSTests.debug.xcconfig"; path = "Target Support Files/Pods-NativebaseKitchenSink-tvOSTests/Pods-NativebaseKitchenSink-tvOSTests.debug.xcconfig"; sourceTree = "<group>"; };
		D50C9AB56BEE6FFA3B57DE43 /* libPods-NativebaseKitchenSink.a */ = {isa = PBXFileReference; explicitFileType = archive.ar; includeInIndex = 0; path = "libPods-NativebaseKitchenSink.a"; sourceTree = BUILT_PRODUCTS_DIR; };
		E1C59D0164699D349CB9D845 /* Pods-NativebaseKitchenSink.debug.xcconfig */ = {isa = PBXFileReference; includeInIndex = 1; lastKnownFileType = text.xcconfig; name = "Pods-NativebaseKitchenSink.debug.xcconfig"; path = "Target Support Files/Pods-NativebaseKitchenSink/Pods-NativebaseKitchenSink.debug.xcconfig"; sourceTree = "<group>"; };
		ED297162215061F000B7C4FE /* JavaScriptCore.framework */ = {isa = PBXFileReference; lastKnownFileType = wrapper.framework; name = JavaScriptCore.framework; path = System/Library/Frameworks/JavaScriptCore.framework; sourceTree = SDKROOT; };
		ED2971642150620600B7C4FE /* JavaScriptCore.framework */ = {isa = PBXFileReference; lastKnownFileType = wrapper.framework; name = JavaScriptCore.framework; path = Platforms/AppleTVOS.platform/Developer/SDKs/AppleTVOS12.0.sdk/System/Library/Frameworks/JavaScriptCore.framework; sourceTree = DEVELOPER_DIR; };
		2ED7EB2F6FDD4C99AA9F5602 /* camera.png */ = {isa = PBXFileReference; name = "camera.png"; path = "../assets/camera.png"; sourceTree = "<group>"; fileEncoding = undefined; lastKnownFileType = unknown; explicitFileType = undefined; includeInIndex = 0; };
		F3D4190268C0477A8AFAEB59 /* atul.png */ = {isa = PBXFileReference; name = "atul.png"; path = "../assets/contacts/atul.png"; sourceTree = "<group>"; fileEncoding = undefined; lastKnownFileType = unknown; explicitFileType = undefined; includeInIndex = 0; };
		60AD7C39C24D4861AB1BA4C0 /* himanshu.png */ = {isa = PBXFileReference; name = "himanshu.png"; path = "../assets/contacts/himanshu.png"; sourceTree = "<group>"; fileEncoding = undefined; lastKnownFileType = unknown; explicitFileType = undefined; includeInIndex = 0; };
		19A5DCDF64374832918720EB /* megha.png */ = {isa = PBXFileReference; name = "megha.png"; path = "../assets/contacts/megha.png"; sourceTree = "<group>"; fileEncoding = undefined; lastKnownFileType = unknown; explicitFileType = undefined; includeInIndex = 0; };
		BD77B4DAD5D54D5C897D78C2 /* pratik.png */ = {isa = PBXFileReference; name = "pratik.png"; path = "../assets/contacts/pratik.png"; sourceTree = "<group>"; fileEncoding = undefined; lastKnownFileType = unknown; explicitFileType = undefined; includeInIndex = 0; };
		B9BF4538FE0E403BB6DA702D /* sanket.png */ = {isa = PBXFileReference; name = "sanket.png"; path = "../assets/contacts/sanket.png"; sourceTree = "<group>"; fileEncoding = undefined; lastKnownFileType = unknown; explicitFileType = undefined; includeInIndex = 0; };
		731B3ACBAC7E4BF2B973FBB9 /* sankhadeep.png */ = {isa = PBXFileReference; name = "sankhadeep.png"; path = "../assets/contacts/sankhadeep.png"; sourceTree = "<group>"; fileEncoding = undefined; lastKnownFileType = unknown; explicitFileType = undefined; includeInIndex = 0; };
		29EABD6B85264763B150365C /* saurabh.png */ = {isa = PBXFileReference; name = "saurabh.png"; path = "../assets/contacts/saurabh.png"; sourceTree = "<group>"; fileEncoding = undefined; lastKnownFileType = unknown; explicitFileType = undefined; includeInIndex = 0; };
		10CB630603F04F1B8D6584A2 /* shivraj.png */ = {isa = PBXFileReference; name = "shivraj.png"; path = "../assets/contacts/shivraj.png"; sourceTree = "<group>"; fileEncoding = undefined; lastKnownFileType = unknown; explicitFileType = undefined; includeInIndex = 0; };
		F6FA1DC093D544DDBD5605B8 /* shruti.png */ = {isa = PBXFileReference; name = "shruti.png"; path = "../assets/contacts/shruti.png"; sourceTree = "<group>"; fileEncoding = undefined; lastKnownFileType = unknown; explicitFileType = undefined; includeInIndex = 0; };
		52534F6BF6CF417FB3FEAA46 /* shweta.png */ = {isa = PBXFileReference; name = "shweta.png"; path = "../assets/contacts/shweta.png"; sourceTree = "<group>"; fileEncoding = undefined; lastKnownFileType = unknown; explicitFileType = undefined; includeInIndex = 0; };
		D4DF61EF7FAB4D569D8B763D /* supriya.png */ = {isa = PBXFileReference; name = "supriya.png"; path = "../assets/contacts/supriya.png"; sourceTree = "<group>"; fileEncoding = undefined; lastKnownFileType = unknown; explicitFileType = undefined; includeInIndex = 0; };
		5A1F82400174460CAE81AA3D /* varun.png */ = {isa = PBXFileReference; name = "varun.png"; path = "../assets/contacts/varun.png"; sourceTree = "<group>"; fileEncoding = undefined; lastKnownFileType = unknown; explicitFileType = undefined; includeInIndex = 0; };
		3207DA20D8F14283880A2DF7 /* drawer-cover.png */ = {isa = PBXFileReference; name = "drawer-cover.png"; path = "../assets/drawer-cover.png"; sourceTree = "<group>"; fileEncoding = undefined; lastKnownFileType = unknown; explicitFileType = undefined; includeInIndex = 0; };
		137E954FD1CB48FF93ACB41A /* header-transparent.png */ = {isa = PBXFileReference; name = "header-transparent.png"; path = "../assets/header-transparent.png"; sourceTree = "<group>"; fileEncoding = undefined; lastKnownFileType = unknown; explicitFileType = undefined; includeInIndex = 0; };
		A26FA9C80B094AFDB19CB7BC /* launchscreen-bg.png */ = {isa = PBXFileReference; name = "launchscreen-bg.png"; path = "../assets/launchscreen-bg.png"; sourceTree = "<group>"; fileEncoding = undefined; lastKnownFileType = unknown; explicitFileType = undefined; includeInIndex = 0; };
		75DCDB205F2E486DBD4A246C /* logo-kitchen-sink.png */ = {isa = PBXFileReference; name = "logo-kitchen-sink.png"; path = "../assets/logo-kitchen-sink.png"; sourceTree = "<group>"; fileEncoding = undefined; lastKnownFileType = unknown; explicitFileType = undefined; includeInIndex = 0; };
		19DA0915D48C48B4AABC3CF1 /* logo.png */ = {isa = PBXFileReference; name = "logo.png"; path = "../assets/logo.png"; sourceTree = "<group>"; fileEncoding = undefined; lastKnownFileType = unknown; explicitFileType = undefined; includeInIndex = 0; };
		D94F6399803047568DAE9F6E /* splashscreen.png */ = {isa = PBXFileReference; name = "splashscreen.png"; path = "../assets/splashscreen.png"; sourceTree = "<group>"; fileEncoding = undefined; lastKnownFileType = unknown; explicitFileType = undefined; includeInIndex = 0; };
		1ECB813E9CC94B9C973438DA /* swiper-1.png */ = {isa = PBXFileReference; name = "swiper-1.png"; path = "../assets/swiper-1.png"; sourceTree = "<group>"; fileEncoding = undefined; lastKnownFileType = unknown; explicitFileType = undefined; includeInIndex = 0; };
		3841C5D63A3D47378FEFFA7B /* swiper-2.png */ = {isa = PBXFileReference; name = "swiper-2.png"; path = "../assets/swiper-2.png"; sourceTree = "<group>"; fileEncoding = undefined; lastKnownFileType = unknown; explicitFileType = undefined; includeInIndex = 0; };
		24FFFA4DB542426E9015C131 /* swiper-3.png */ = {isa = PBXFileReference; name = "swiper-3.png"; path = "../assets/swiper-3.png"; sourceTree = "<group>"; fileEncoding = undefined; lastKnownFileType = unknown; explicitFileType = undefined; includeInIndex = 0; };
		3C962520E03A4359B5A43534 /* swiper-4.png */ = {isa = PBXFileReference; name = "swiper-4.png"; path = "../assets/swiper-4.png"; sourceTree = "<group>"; fileEncoding = undefined; lastKnownFileType = unknown; explicitFileType = undefined; includeInIndex = 0; };
		CDBAA9516E3E4916B70816E9 /* web-cover1.png */ = {isa = PBXFileReference; name = "web-cover1.png"; path = "../assets/web-cover1.png"; sourceTree = "<group>"; fileEncoding = undefined; lastKnownFileType = unknown; explicitFileType = undefined; includeInIndex = 0; };
		36C31F546B8F439C89D08EB1 /* Roboto_medium.ttf */ = {isa = PBXFileReference; name = "Roboto_medium.ttf"; path = "../node_modules/native-base/Fonts/Roboto_medium.ttf"; sourceTree = "<group>"; fileEncoding = undefined; lastKnownFileType = unknown; explicitFileType = undefined; includeInIndex = 0; };
		A936E71D0AB24426B2650155 /* Roboto.ttf */ = {isa = PBXFileReference; name = "Roboto.ttf"; path = "../node_modules/native-base/Fonts/Roboto.ttf"; sourceTree = "<group>"; fileEncoding = undefined; lastKnownFileType = unknown; explicitFileType = undefined; includeInIndex = 0; };
		2DF72FCE8592439AAACE84FB /* rubicon-icon-font.ttf */ = {isa = PBXFileReference; name = "rubicon-icon-font.ttf"; path = "../node_modules/native-base/Fonts/rubicon-icon-font.ttf"; sourceTree = "<group>"; fileEncoding = undefined; lastKnownFileType = unknown; explicitFileType = undefined; includeInIndex = 0; };
		605AA3BED0274DF4BD6F7900 /* AntDesign.ttf */ = {isa = PBXFileReference; name = "AntDesign.ttf"; path = "../node_modules/react-native-vector-icons/Fonts/AntDesign.ttf"; sourceTree = "<group>"; fileEncoding = undefined; lastKnownFileType = unknown; explicitFileType = undefined; includeInIndex = 0; };
		D926B7A0B7FC4C199DDF1E74 /* Entypo.ttf */ = {isa = PBXFileReference; name = "Entypo.ttf"; path = "../node_modules/react-native-vector-icons/Fonts/Entypo.ttf"; sourceTree = "<group>"; fileEncoding = undefined; lastKnownFileType = unknown; explicitFileType = undefined; includeInIndex = 0; };
		BEB006000EB94770A2A3B195 /* EvilIcons.ttf */ = {isa = PBXFileReference; name = "EvilIcons.ttf"; path = "../node_modules/react-native-vector-icons/Fonts/EvilIcons.ttf"; sourceTree = "<group>"; fileEncoding = undefined; lastKnownFileType = unknown; explicitFileType = undefined; includeInIndex = 0; };
		986757F67BBA4C8986B8D500 /* Feather.ttf */ = {isa = PBXFileReference; name = "Feather.ttf"; path = "../node_modules/react-native-vector-icons/Fonts/Feather.ttf"; sourceTree = "<group>"; fileEncoding = undefined; lastKnownFileType = unknown; explicitFileType = undefined; includeInIndex = 0; };
		9BB42CA6FA7F44178A698645 /* FontAwesome.ttf */ = {isa = PBXFileReference; name = "FontAwesome.ttf"; path = "../node_modules/react-native-vector-icons/Fonts/FontAwesome.ttf"; sourceTree = "<group>"; fileEncoding = undefined; lastKnownFileType = unknown; explicitFileType = undefined; includeInIndex = 0; };
		5E721FB01095424DA599B676 /* FontAwesome5_Brands.ttf */ = {isa = PBXFileReference; name = "FontAwesome5_Brands.ttf"; path = "../node_modules/react-native-vector-icons/Fonts/FontAwesome5_Brands.ttf"; sourceTree = "<group>"; fileEncoding = undefined; lastKnownFileType = unknown; explicitFileType = undefined; includeInIndex = 0; };
		D82BC5ABA7814DD085846092 /* FontAwesome5_Regular.ttf */ = {isa = PBXFileReference; name = "FontAwesome5_Regular.ttf"; path = "../node_modules/react-native-vector-icons/Fonts/FontAwesome5_Regular.ttf"; sourceTree = "<group>"; fileEncoding = undefined; lastKnownFileType = unknown; explicitFileType = undefined; includeInIndex = 0; };
		9F0A41515B9C44549A601B17 /* FontAwesome5_Solid.ttf */ = {isa = PBXFileReference; name = "FontAwesome5_Solid.ttf"; path = "../node_modules/react-native-vector-icons/Fonts/FontAwesome5_Solid.ttf"; sourceTree = "<group>"; fileEncoding = undefined; lastKnownFileType = unknown; explicitFileType = undefined; includeInIndex = 0; };
		EE144D5F118E44D98D1A55E9 /* Fontisto.ttf */ = {isa = PBXFileReference; name = "Fontisto.ttf"; path = "../node_modules/react-native-vector-icons/Fonts/Fontisto.ttf"; sourceTree = "<group>"; fileEncoding = undefined; lastKnownFileType = unknown; explicitFileType = undefined; includeInIndex = 0; };
		272DEA51ED5643E99E3C328C /* Foundation.ttf */ = {isa = PBXFileReference; name = "Foundation.ttf"; path = "../node_modules/react-native-vector-icons/Fonts/Foundation.ttf"; sourceTree = "<group>"; fileEncoding = undefined; lastKnownFileType = unknown; explicitFileType = undefined; includeInIndex = 0; };
		89DFEA3F885E4EBFB618D8A7 /* Ionicons.ttf */ = {isa = PBXFileReference; name = "Ionicons.ttf"; path = "../node_modules/react-native-vector-icons/Fonts/Ionicons.ttf"; sourceTree = "<group>"; fileEncoding = undefined; lastKnownFileType = unknown; explicitFileType = undefined; includeInIndex = 0; };
		93207BE936B447098CAA6D19 /* MaterialCommunityIcons.ttf */ = {isa = PBXFileReference; name = "MaterialCommunityIcons.ttf"; path = "../node_modules/react-native-vector-icons/Fonts/MaterialCommunityIcons.ttf"; sourceTree = "<group>"; fileEncoding = undefined; lastKnownFileType = unknown; explicitFileType = undefined; includeInIndex = 0; };
		0782890A195B486D818DED65 /* MaterialIcons.ttf */ = {isa = PBXFileReference; name = "MaterialIcons.ttf"; path = "../node_modules/react-native-vector-icons/Fonts/MaterialIcons.ttf"; sourceTree = "<group>"; fileEncoding = undefined; lastKnownFileType = unknown; explicitFileType = undefined; includeInIndex = 0; };
		E1A9CBA6E90641D5854BCE88 /* Octicons.ttf */ = {isa = PBXFileReference; name = "Octicons.ttf"; path = "../node_modules/react-native-vector-icons/Fonts/Octicons.ttf"; sourceTree = "<group>"; fileEncoding = undefined; lastKnownFileType = unknown; explicitFileType = undefined; includeInIndex = 0; };
		575E5071193243ACA0C0F26E /* SimpleLineIcons.ttf */ = {isa = PBXFileReference; name = "SimpleLineIcons.ttf"; path = "../node_modules/react-native-vector-icons/Fonts/SimpleLineIcons.ttf"; sourceTree = "<group>"; fileEncoding = undefined; lastKnownFileType = unknown; explicitFileType = undefined; includeInIndex = 0; };
		892994EC439E4E8180828C10 /* Zocial.ttf */ = {isa = PBXFileReference; name = "Zocial.ttf"; path = "../node_modules/react-native-vector-icons/Fonts/Zocial.ttf"; sourceTree = "<group>"; fileEncoding = undefined; lastKnownFileType = unknown; explicitFileType = undefined; includeInIndex = 0; };
/* End PBXFileReference section */

/* Begin PBXFrameworksBuildPhase section */
		00E356EB1AD99517003FC87E /* Frameworks */ = {
			isa = PBXFrameworksBuildPhase;
			buildActionMask = 2147483647;
			files = (
				E5C67F66065B717A6C221257 /* libPods-NativebaseKitchenSinkTests.a in Frameworks */,
			);
			runOnlyForDeploymentPostprocessing = 0;
		};
		13B07F8C1A680F5B00A75B9A /* Frameworks */ = {
			isa = PBXFrameworksBuildPhase;
			buildActionMask = 2147483647;
			files = (
				29441F494B01C5746CE62F57 /* libPods-NativebaseKitchenSink.a in Frameworks */,
			);
			runOnlyForDeploymentPostprocessing = 0;
		};
		2D02E4781E0B4A5D006451C7 /* Frameworks */ = {
			isa = PBXFrameworksBuildPhase;
			buildActionMask = 2147483647;
			files = (
				AC8A0ABD10A85764406FEA0B /* libPods-NativebaseKitchenSink-tvOS.a in Frameworks */,
			);
			runOnlyForDeploymentPostprocessing = 0;
		};
		2D02E48D1E0B4A5D006451C7 /* Frameworks */ = {
			isa = PBXFrameworksBuildPhase;
			buildActionMask = 2147483647;
			files = (
				FA47B5F1713775B42272D1C1 /* libPods-NativebaseKitchenSink-tvOSTests.a in Frameworks */,
			);
			runOnlyForDeploymentPostprocessing = 0;
		};
/* End PBXFrameworksBuildPhase section */

/* Begin PBXGroup section */
		00E356EF1AD99517003FC87E /* NativebaseKitchenSinkTests */ = {
			isa = PBXGroup;
			children = (
				00E356F21AD99517003FC87E /* NativebaseKitchenSinkTests.m */,
				00E356F01AD99517003FC87E /* Supporting Files */,
			);
			path = NativebaseKitchenSinkTests;
			sourceTree = "<group>";
		};
		00E356F01AD99517003FC87E /* Supporting Files */ = {
			isa = PBXGroup;
			children = (
				00E356F11AD99517003FC87E /* Info.plist */,
			);
			name = "Supporting Files";
			sourceTree = "<group>";
		};
		0428998DD19D034F4E438BC1 /* Pods */ = {
			isa = PBXGroup;
			children = (
				E1C59D0164699D349CB9D845 /* Pods-NativebaseKitchenSink.debug.xcconfig */,
				5A118F3878CFA84F3B48699E /* Pods-NativebaseKitchenSink.release.xcconfig */,
				17E2B85FF7662E4D45EAC83E /* Pods-NativebaseKitchenSink-tvOS.debug.xcconfig */,
				8C8896614E75023895A9A24C /* Pods-NativebaseKitchenSink-tvOS.release.xcconfig */,
				C5F681E6ABA9F343BDE94D4F /* Pods-NativebaseKitchenSink-tvOSTests.debug.xcconfig */,
				2B18689080AA52A84BCB181B /* Pods-NativebaseKitchenSink-tvOSTests.release.xcconfig */,
				AE829EC6E565DCC30E0A9F21 /* Pods-NativebaseKitchenSinkTests.debug.xcconfig */,
				74E73C756F7E21EC1D4B3726 /* Pods-NativebaseKitchenSinkTests.release.xcconfig */,
			);
			name = Pods;
			path = Pods;
			sourceTree = "<group>";
		};
		13B07FAE1A68108700A75B9A /* NativebaseKitchenSink */ = {
			isa = PBXGroup;
			children = (
				008F07F21AC5B25A0029DE68 /* main.jsbundle */,
				13B07FAF1A68108700A75B9A /* AppDelegate.h */,
				13B07FB01A68108700A75B9A /* AppDelegate.m */,
				13B07FB51A68108700A75B9A /* Images.xcassets */,
				13B07FB61A68108700A75B9A /* Info.plist */,
				13B07FB11A68108700A75B9A /* LaunchScreen.xib */,
				13B07FB71A68108700A75B9A /* main.m */,
			);
			name = NativebaseKitchenSink;
			sourceTree = "<group>";
		};
		2D16E6871FA4F8E400B85C8A /* Frameworks */ = {
			isa = PBXGroup;
			children = (
				ED297162215061F000B7C4FE /* JavaScriptCore.framework */,
				ED2971642150620600B7C4FE /* JavaScriptCore.framework */,
				D50C9AB56BEE6FFA3B57DE43 /* libPods-NativebaseKitchenSink.a */,
				6A35D4A20429E7246E5D3D8F /* libPods-NativebaseKitchenSink-tvOS.a */,
				56549E129171A5BDD6DD05CF /* libPods-NativebaseKitchenSink-tvOSTests.a */,
				41F82F70BF817C831FFBF4C3 /* libPods-NativebaseKitchenSinkTests.a */,
			);
			name = Frameworks;
			sourceTree = "<group>";
		};
		832341AE1AAA6A7D00B99B32 /* Libraries */ = {
			isa = PBXGroup;
			children = (
			);
			name = Libraries;
			sourceTree = "<group>";
		};
		83CBB9F61A601CBA00E9B192 = {
			isa = PBXGroup;
			children = (
				13B07FAE1A68108700A75B9A /* NativebaseKitchenSink */,
				832341AE1AAA6A7D00B99B32 /* Libraries */,
				00E356EF1AD99517003FC87E /* NativebaseKitchenSinkTests */,
				83CBBA001A601CBA00E9B192 /* Products */,
				2D16E6871FA4F8E400B85C8A /* Frameworks */,
				0428998DD19D034F4E438BC1 /* Pods */,
				E1FD58CA49984B8EAB34653F /* Resources */,
			);
			indentWidth = 2;
			sourceTree = "<group>";
			tabWidth = 2;
			usesTabs = 0;
		};
		83CBBA001A601CBA00E9B192 /* Products */ = {
			isa = PBXGroup;
			children = (
				13B07F961A680F5B00A75B9A /* NativebaseKitchenSink.app */,
				00E356EE1AD99517003FC87E /* NativebaseKitchenSinkTests.xctest */,
				2D02E47B1E0B4A5D006451C7 /* NativebaseKitchenSink-tvOS.app */,
				2D02E4901E0B4A5D006451C7 /* NativebaseKitchenSink-tvOSTests.xctest */,
			);
			name = Products;
			sourceTree = "<group>";
		};
		E1FD58CA49984B8EAB34653F /* Resources */ = {
			isa = "PBXGroup";
			children = (
				2ED7EB2F6FDD4C99AA9F5602 /* camera.png */,
				F3D4190268C0477A8AFAEB59 /* atul.png */,
				60AD7C39C24D4861AB1BA4C0 /* himanshu.png */,
				19A5DCDF64374832918720EB /* megha.png */,
				BD77B4DAD5D54D5C897D78C2 /* pratik.png */,
				B9BF4538FE0E403BB6DA702D /* sanket.png */,
				731B3ACBAC7E4BF2B973FBB9 /* sankhadeep.png */,
				29EABD6B85264763B150365C /* saurabh.png */,
				10CB630603F04F1B8D6584A2 /* shivraj.png */,
				F6FA1DC093D544DDBD5605B8 /* shruti.png */,
				52534F6BF6CF417FB3FEAA46 /* shweta.png */,
				D4DF61EF7FAB4D569D8B763D /* supriya.png */,
				5A1F82400174460CAE81AA3D /* varun.png */,
				3207DA20D8F14283880A2DF7 /* drawer-cover.png */,
				137E954FD1CB48FF93ACB41A /* header-transparent.png */,
				A26FA9C80B094AFDB19CB7BC /* launchscreen-bg.png */,
				75DCDB205F2E486DBD4A246C /* logo-kitchen-sink.png */,
				19DA0915D48C48B4AABC3CF1 /* logo.png */,
				D94F6399803047568DAE9F6E /* splashscreen.png */,
				1ECB813E9CC94B9C973438DA /* swiper-1.png */,
				3841C5D63A3D47378FEFFA7B /* swiper-2.png */,
				24FFFA4DB542426E9015C131 /* swiper-3.png */,
				3C962520E03A4359B5A43534 /* swiper-4.png */,
				CDBAA9516E3E4916B70816E9 /* web-cover1.png */,
				36C31F546B8F439C89D08EB1 /* Roboto_medium.ttf */,
				A936E71D0AB24426B2650155 /* Roboto.ttf */,
				2DF72FCE8592439AAACE84FB /* rubicon-icon-font.ttf */,
				605AA3BED0274DF4BD6F7900 /* AntDesign.ttf */,
				D926B7A0B7FC4C199DDF1E74 /* Entypo.ttf */,
				BEB006000EB94770A2A3B195 /* EvilIcons.ttf */,
				986757F67BBA4C8986B8D500 /* Feather.ttf */,
				9BB42CA6FA7F44178A698645 /* FontAwesome.ttf */,
				5E721FB01095424DA599B676 /* FontAwesome5_Brands.ttf */,
				D82BC5ABA7814DD085846092 /* FontAwesome5_Regular.ttf */,
				9F0A41515B9C44549A601B17 /* FontAwesome5_Solid.ttf */,
				EE144D5F118E44D98D1A55E9 /* Fontisto.ttf */,
				272DEA51ED5643E99E3C328C /* Foundation.ttf */,
				89DFEA3F885E4EBFB618D8A7 /* Ionicons.ttf */,
				93207BE936B447098CAA6D19 /* MaterialCommunityIcons.ttf */,
				0782890A195B486D818DED65 /* MaterialIcons.ttf */,
				E1A9CBA6E90641D5854BCE88 /* Octicons.ttf */,
				575E5071193243ACA0C0F26E /* SimpleLineIcons.ttf */,
				892994EC439E4E8180828C10 /* Zocial.ttf */,
			);
			name = Resources;
			sourceTree = "<group>";
			path = "";
		};
/* End PBXGroup section */

/* Begin PBXNativeTarget section */
		00E356ED1AD99517003FC87E /* NativebaseKitchenSinkTests */ = {
			isa = PBXNativeTarget;
			buildConfigurationList = 00E357021AD99517003FC87E /* Build configuration list for PBXNativeTarget "NativebaseKitchenSinkTests" */;
			buildPhases = (
				AF81A26DBC89E0681D118EE5 /* [CP] Check Pods Manifest.lock */,
				00E356EA1AD99517003FC87E /* Sources */,
				00E356EB1AD99517003FC87E /* Frameworks */,
				00E356EC1AD99517003FC87E /* Resources */,
			);
			buildRules = (
			);
			dependencies = (
				00E356F51AD99517003FC87E /* PBXTargetDependency */,
			);
			name = NativebaseKitchenSinkTests;
			productName = NativebaseKitchenSinkTests;
			productReference = 00E356EE1AD99517003FC87E /* NativebaseKitchenSinkTests.xctest */;
			productType = "com.apple.product-type.bundle.unit-test";
		};
		13B07F861A680F5B00A75B9A /* NativebaseKitchenSink */ = {
			isa = PBXNativeTarget;
			buildConfigurationList = 13B07F931A680F5B00A75B9A /* Build configuration list for PBXNativeTarget "NativebaseKitchenSink" */;
			buildPhases = (
				1E8230E700E05CA7A00B5103 /* [CP] Check Pods Manifest.lock */,
				FD10A7F022414F080027D42C /* Start Packager */,
				13B07F871A680F5B00A75B9A /* Sources */,
				13B07F8C1A680F5B00A75B9A /* Frameworks */,
				13B07F8E1A680F5B00A75B9A /* Resources */,
				00DD1BFF1BD5951E006B06BC /* Bundle React Native code and images */,
				049246DF256DF3393B858724 /* [CP] Copy Pods Resources */,
			);
			buildRules = (
			);
			dependencies = (
			);
			name = NativebaseKitchenSink;
			productName = NativebaseKitchenSink;
			productReference = 13B07F961A680F5B00A75B9A /* NativebaseKitchenSink.app */;
			productType = "com.apple.product-type.application";
		};
		2D02E47A1E0B4A5D006451C7 /* NativebaseKitchenSink-tvOS */ = {
			isa = PBXNativeTarget;
			buildConfigurationList = 2D02E4BA1E0B4A5E006451C7 /* Build configuration list for PBXNativeTarget "NativebaseKitchenSink-tvOS" */;
			buildPhases = (
				75713BAEF994B65ECE8731CB /* [CP] Check Pods Manifest.lock */,
				FD10A7F122414F3F0027D42C /* Start Packager */,
				2D02E4771E0B4A5D006451C7 /* Sources */,
				2D02E4781E0B4A5D006451C7 /* Frameworks */,
				2D02E4791E0B4A5D006451C7 /* Resources */,
				2D02E4CB1E0B4B27006451C7 /* Bundle React Native Code And Images */,
			);
			buildRules = (
			);
			dependencies = (
			);
			name = "NativebaseKitchenSink-tvOS";
			productName = "NativebaseKitchenSink-tvOS";
			productReference = 2D02E47B1E0B4A5D006451C7 /* NativebaseKitchenSink-tvOS.app */;
			productType = "com.apple.product-type.application";
		};
		2D02E48F1E0B4A5D006451C7 /* NativebaseKitchenSink-tvOSTests */ = {
			isa = PBXNativeTarget;
			buildConfigurationList = 2D02E4BB1E0B4A5E006451C7 /* Build configuration list for PBXNativeTarget "NativebaseKitchenSink-tvOSTests" */;
			buildPhases = (
				5CDD4A88D0F9AD345F83DFE8 /* [CP] Check Pods Manifest.lock */,
				2D02E48C1E0B4A5D006451C7 /* Sources */,
				2D02E48D1E0B4A5D006451C7 /* Frameworks */,
				2D02E48E1E0B4A5D006451C7 /* Resources */,
			);
			buildRules = (
			);
			dependencies = (
				2D02E4921E0B4A5D006451C7 /* PBXTargetDependency */,
			);
			name = "NativebaseKitchenSink-tvOSTests";
			productName = "NativebaseKitchenSink-tvOSTests";
			productReference = 2D02E4901E0B4A5D006451C7 /* NativebaseKitchenSink-tvOSTests.xctest */;
			productType = "com.apple.product-type.bundle.unit-test";
		};
/* End PBXNativeTarget section */

/* Begin PBXProject section */
		83CBB9F71A601CBA00E9B192 /* Project object */ = {
			isa = PBXProject;
			attributes = {
				LastUpgradeCheck = 940;
				ORGANIZATIONNAME = Facebook;
				TargetAttributes = {
					00E356ED1AD99517003FC87E = {
						CreatedOnToolsVersion = 6.2;
						TestTargetID = 13B07F861A680F5B00A75B9A;
					};
					2D02E47A1E0B4A5D006451C7 = {
						CreatedOnToolsVersion = 8.2.1;
						ProvisioningStyle = Automatic;
					};
					2D02E48F1E0B4A5D006451C7 = {
						CreatedOnToolsVersion = 8.2.1;
						ProvisioningStyle = Automatic;
						TestTargetID = 2D02E47A1E0B4A5D006451C7;
					};
				};
			};
			buildConfigurationList = 83CBB9FA1A601CBA00E9B192 /* Build configuration list for PBXProject "NativebaseKitchenSink" */;
			compatibilityVersion = "Xcode 3.2";
			developmentRegion = English;
			hasScannedForEncodings = 0;
			knownRegions = (
				en,
				Base,
			);
			mainGroup = 83CBB9F61A601CBA00E9B192;
			productRefGroup = 83CBBA001A601CBA00E9B192 /* Products */;
			projectDirPath = "";
			projectRoot = "";
			targets = (
				13B07F861A680F5B00A75B9A /* NativebaseKitchenSink */,
				00E356ED1AD99517003FC87E /* NativebaseKitchenSinkTests */,
				2D02E47A1E0B4A5D006451C7 /* NativebaseKitchenSink-tvOS */,
				2D02E48F1E0B4A5D006451C7 /* NativebaseKitchenSink-tvOSTests */,
			);
		};
/* End PBXProject section */

/* Begin PBXResourcesBuildPhase section */
		00E356EC1AD99517003FC87E /* Resources */ = {
			isa = PBXResourcesBuildPhase;
			buildActionMask = 2147483647;
			files = (
			);
			runOnlyForDeploymentPostprocessing = 0;
		};
		13B07F8E1A680F5B00A75B9A /* Resources */ = {
			isa = PBXResourcesBuildPhase;
			buildActionMask = 2147483647;
			files = (
				13B07FBF1A68108700A75B9A /* Images.xcassets in Resources */,
				13B07FBD1A68108700A75B9A /* LaunchScreen.xib in Resources */,
				33CBCD0CD43847118620DAC5 /* camera.png in Resources */,
				5654C7A2560B4F9E88CC79D5 /* atul.png in Resources */,
				1B057DAB0F844173A04A9CAC /* himanshu.png in Resources */,
				D751EB7937604DFB94B330D5 /* megha.png in Resources */,
				D5906C0102CA415AA2F9974C /* pratik.png in Resources */,
				3BE7AAEC1BA04B9B969272CD /* sanket.png in Resources */,
				D831E138A1D7429EAB9D9B44 /* sankhadeep.png in Resources */,
				C7C3C118EA01493BB86BEC1A /* saurabh.png in Resources */,
				9D67C3AC8AFE4811B0E2D265 /* shivraj.png in Resources */,
				89A057291F3A4855BCF0C97E /* shruti.png in Resources */,
				7CB4DC830A5247A386D457DC /* shweta.png in Resources */,
				B2090B67AD23406F87266ED7 /* supriya.png in Resources */,
				132C2635CCCD418B92BACA4C /* varun.png in Resources */,
				A0EC6924A58E4EF3A84D1056 /* drawer-cover.png in Resources */,
				46E94A45C4614D198E664D02 /* header-transparent.png in Resources */,
				C4C95D0A9EE441C791A419B6 /* launchscreen-bg.png in Resources */,
				698A7AC6A9CC4A70AFAD12CE /* logo-kitchen-sink.png in Resources */,
				8932063B15844C32AAFD1BD8 /* logo.png in Resources */,
				0FE3DB8166B2488793DB8BED /* splashscreen.png in Resources */,
				F280C6D82E8746ABB8811085 /* swiper-1.png in Resources */,
				86CF9BBDF1624BBE856CB7C4 /* swiper-2.png in Resources */,
				EC8DC62244D941EEB095F812 /* swiper-3.png in Resources */,
				4067A183672C446993268777 /* swiper-4.png in Resources */,
				56317460CCE24523863252BC /* web-cover1.png in Resources */,
				C0246FAF69C34E85A0DFEF2A /* Roboto_medium.ttf in Resources */,
				8EF60BD51C944EB5855DBB9E /* Roboto.ttf in Resources */,
				EE2C90C75C404E3DB820A645 /* rubicon-icon-font.ttf in Resources */,
				814BC07569F148B1820808DF /* AntDesign.ttf in Resources */,
				735D121238704B019134A569 /* Entypo.ttf in Resources */,
				8C568337226D417AA1C64321 /* EvilIcons.ttf in Resources */,
				F0EC5993EDAD4A1C908DF9AC /* Feather.ttf in Resources */,
				42E88404DB674154AB1B2FA2 /* FontAwesome.ttf in Resources */,
				46F6B7A698FB4E4EAB34B4BF /* FontAwesome5_Brands.ttf in Resources */,
				110F5F74C8774E33BEDE682D /* FontAwesome5_Regular.ttf in Resources */,
				D7878F7F92A44282951718B9 /* FontAwesome5_Solid.ttf in Resources */,
				FFE6D7C3BB8F4F5F92A9A574 /* Fontisto.ttf in Resources */,
				9C89D4EC2F4041F1A6F97D49 /* Foundation.ttf in Resources */,
				DADBBAFA799843D182E99321 /* Ionicons.ttf in Resources */,
				97D23DC5575342F5AAB2B54B /* MaterialCommunityIcons.ttf in Resources */,
				997B0C68DB0F47BBA2B9EE7C /* MaterialIcons.ttf in Resources */,
				9EB622EC6D3C4F7DBF4BC09D /* Octicons.ttf in Resources */,
				7E901F58883A4F9484978E38 /* SimpleLineIcons.ttf in Resources */,
				5B3584E0C318429092BDCE2E /* Zocial.ttf in Resources */,
			);
			runOnlyForDeploymentPostprocessing = 0;
		};
		2D02E4791E0B4A5D006451C7 /* Resources */ = {
			isa = PBXResourcesBuildPhase;
			buildActionMask = 2147483647;
			files = (
				2D02E4BD1E0B4A84006451C7 /* Images.xcassets in Resources */,
			);
			runOnlyForDeploymentPostprocessing = 0;
		};
		2D02E48E1E0B4A5D006451C7 /* Resources */ = {
			isa = PBXResourcesBuildPhase;
			buildActionMask = 2147483647;
			files = (
			);
			runOnlyForDeploymentPostprocessing = 0;
		};
/* End PBXResourcesBuildPhase section */

/* Begin PBXShellScriptBuildPhase section */
		00DD1BFF1BD5951E006B06BC /* Bundle React Native code and images */ = {
			isa = PBXShellScriptBuildPhase;
			buildActionMask = 2147483647;
			files = (
			);
			inputPaths = (
			);
			name = "Bundle React Native code and images";
			outputPaths = (
			);
			runOnlyForDeploymentPostprocessing = 0;
			shellPath = /bin/sh;
			shellScript = "export NODE_BINARY=node\n../node_modules/react-native/scripts/react-native-xcode.sh";
		};
		049246DF256DF3393B858724 /* [CP] Copy Pods Resources */ = {
			isa = PBXShellScriptBuildPhase;
			buildActionMask = 2147483647;
			files = (
			);
			inputPaths = (
				"${PODS_ROOT}/Target Support Files/Pods-NativebaseKitchenSink/Pods-NativebaseKitchenSink-resources.sh",
				"${PODS_ROOT}/../../node_modules/react-native-vector-icons/Fonts/AntDesign.ttf",
				"${PODS_ROOT}/../../node_modules/react-native-vector-icons/Fonts/Entypo.ttf",
				"${PODS_ROOT}/../../node_modules/react-native-vector-icons/Fonts/EvilIcons.ttf",
				"${PODS_ROOT}/../../node_modules/react-native-vector-icons/Fonts/Feather.ttf",
				"${PODS_ROOT}/../../node_modules/react-native-vector-icons/Fonts/FontAwesome.ttf",
				"${PODS_ROOT}/../../node_modules/react-native-vector-icons/Fonts/FontAwesome5_Brands.ttf",
				"${PODS_ROOT}/../../node_modules/react-native-vector-icons/Fonts/FontAwesome5_Regular.ttf",
				"${PODS_ROOT}/../../node_modules/react-native-vector-icons/Fonts/FontAwesome5_Solid.ttf",
				"${PODS_ROOT}/../../node_modules/react-native-vector-icons/Fonts/Fontisto.ttf",
				"${PODS_ROOT}/../../node_modules/react-native-vector-icons/Fonts/Foundation.ttf",
				"${PODS_ROOT}/../../node_modules/react-native-vector-icons/Fonts/Ionicons.ttf",
				"${PODS_ROOT}/../../node_modules/react-native-vector-icons/Fonts/MaterialCommunityIcons.ttf",
				"${PODS_ROOT}/../../node_modules/react-native-vector-icons/Fonts/MaterialIcons.ttf",
				"${PODS_ROOT}/../../node_modules/react-native-vector-icons/Fonts/Octicons.ttf",
				"${PODS_ROOT}/../../node_modules/react-native-vector-icons/Fonts/SimpleLineIcons.ttf",
				"${PODS_ROOT}/../../node_modules/react-native-vector-icons/Fonts/Zocial.ttf",
			);
			name = "[CP] Copy Pods Resources";
			outputPaths = (
				"${TARGET_BUILD_DIR}/${UNLOCALIZED_RESOURCES_FOLDER_PATH}/AntDesign.ttf",
				"${TARGET_BUILD_DIR}/${UNLOCALIZED_RESOURCES_FOLDER_PATH}/Entypo.ttf",
				"${TARGET_BUILD_DIR}/${UNLOCALIZED_RESOURCES_FOLDER_PATH}/EvilIcons.ttf",
				"${TARGET_BUILD_DIR}/${UNLOCALIZED_RESOURCES_FOLDER_PATH}/Feather.ttf",
				"${TARGET_BUILD_DIR}/${UNLOCALIZED_RESOURCES_FOLDER_PATH}/FontAwesome.ttf",
				"${TARGET_BUILD_DIR}/${UNLOCALIZED_RESOURCES_FOLDER_PATH}/FontAwesome5_Brands.ttf",
				"${TARGET_BUILD_DIR}/${UNLOCALIZED_RESOURCES_FOLDER_PATH}/FontAwesome5_Regular.ttf",
				"${TARGET_BUILD_DIR}/${UNLOCALIZED_RESOURCES_FOLDER_PATH}/FontAwesome5_Solid.ttf",
				"${TARGET_BUILD_DIR}/${UNLOCALIZED_RESOURCES_FOLDER_PATH}/Fontisto.ttf",
				"${TARGET_BUILD_DIR}/${UNLOCALIZED_RESOURCES_FOLDER_PATH}/Foundation.ttf",
				"${TARGET_BUILD_DIR}/${UNLOCALIZED_RESOURCES_FOLDER_PATH}/Ionicons.ttf",
				"${TARGET_BUILD_DIR}/${UNLOCALIZED_RESOURCES_FOLDER_PATH}/MaterialCommunityIcons.ttf",
				"${TARGET_BUILD_DIR}/${UNLOCALIZED_RESOURCES_FOLDER_PATH}/MaterialIcons.ttf",
				"${TARGET_BUILD_DIR}/${UNLOCALIZED_RESOURCES_FOLDER_PATH}/Octicons.ttf",
				"${TARGET_BUILD_DIR}/${UNLOCALIZED_RESOURCES_FOLDER_PATH}/SimpleLineIcons.ttf",
				"${TARGET_BUILD_DIR}/${UNLOCALIZED_RESOURCES_FOLDER_PATH}/Zocial.ttf",
			);
			runOnlyForDeploymentPostprocessing = 0;
			shellPath = /bin/sh;
			shellScript = "\"${PODS_ROOT}/Target Support Files/Pods-NativebaseKitchenSink/Pods-NativebaseKitchenSink-resources.sh\"\n";
			showEnvVarsInLog = 0;
		};
		1E8230E700E05CA7A00B5103 /* [CP] Check Pods Manifest.lock */ = {
			isa = PBXShellScriptBuildPhase;
			buildActionMask = 2147483647;
			files = (
			);
			inputFileListPaths = (
			);
			inputPaths = (
				"${PODS_PODFILE_DIR_PATH}/Podfile.lock",
				"${PODS_ROOT}/Manifest.lock",
			);
			name = "[CP] Check Pods Manifest.lock";
			outputFileListPaths = (
			);
			outputPaths = (
				"$(DERIVED_FILE_DIR)/Pods-NativebaseKitchenSink-checkManifestLockResult.txt",
			);
			runOnlyForDeploymentPostprocessing = 0;
			shellPath = /bin/sh;
			shellScript = "diff \"${PODS_PODFILE_DIR_PATH}/Podfile.lock\" \"${PODS_ROOT}/Manifest.lock\" > /dev/null\nif [ $? != 0 ] ; then\n    # print error to STDERR\n    echo \"error: The sandbox is not in sync with the Podfile.lock. Run 'pod install' or update your CocoaPods installation.\" >&2\n    exit 1\nfi\n# This output is used by Xcode 'outputs' to avoid re-running this script phase.\necho \"SUCCESS\" > \"${SCRIPT_OUTPUT_FILE_0}\"\n";
			showEnvVarsInLog = 0;
		};
		2D02E4CB1E0B4B27006451C7 /* Bundle React Native Code And Images */ = {
			isa = PBXShellScriptBuildPhase;
			buildActionMask = 2147483647;
			files = (
			);
			inputPaths = (
			);
			name = "Bundle React Native Code And Images";
			outputPaths = (
			);
			runOnlyForDeploymentPostprocessing = 0;
			shellPath = /bin/sh;
			shellScript = "export NODE_BINARY=node\n../node_modules/react-native/scripts/react-native-xcode.sh";
		};
		5CDD4A88D0F9AD345F83DFE8 /* [CP] Check Pods Manifest.lock */ = {
			isa = PBXShellScriptBuildPhase;
			buildActionMask = 2147483647;
			files = (
			);
			inputFileListPaths = (
			);
			inputPaths = (
				"${PODS_PODFILE_DIR_PATH}/Podfile.lock",
				"${PODS_ROOT}/Manifest.lock",
			);
			name = "[CP] Check Pods Manifest.lock";
			outputFileListPaths = (
			);
			outputPaths = (
				"$(DERIVED_FILE_DIR)/Pods-NativebaseKitchenSink-tvOSTests-checkManifestLockResult.txt",
			);
			runOnlyForDeploymentPostprocessing = 0;
			shellPath = /bin/sh;
			shellScript = "diff \"${PODS_PODFILE_DIR_PATH}/Podfile.lock\" \"${PODS_ROOT}/Manifest.lock\" > /dev/null\nif [ $? != 0 ] ; then\n    # print error to STDERR\n    echo \"error: The sandbox is not in sync with the Podfile.lock. Run 'pod install' or update your CocoaPods installation.\" >&2\n    exit 1\nfi\n# This output is used by Xcode 'outputs' to avoid re-running this script phase.\necho \"SUCCESS\" > \"${SCRIPT_OUTPUT_FILE_0}\"\n";
			showEnvVarsInLog = 0;
		};
		75713BAEF994B65ECE8731CB /* [CP] Check Pods Manifest.lock */ = {
			isa = PBXShellScriptBuildPhase;
			buildActionMask = 2147483647;
			files = (
			);
			inputFileListPaths = (
			);
			inputPaths = (
				"${PODS_PODFILE_DIR_PATH}/Podfile.lock",
				"${PODS_ROOT}/Manifest.lock",
			);
			name = "[CP] Check Pods Manifest.lock";
			outputFileListPaths = (
			);
			outputPaths = (
				"$(DERIVED_FILE_DIR)/Pods-NativebaseKitchenSink-tvOS-checkManifestLockResult.txt",
			);
			runOnlyForDeploymentPostprocessing = 0;
			shellPath = /bin/sh;
			shellScript = "diff \"${PODS_PODFILE_DIR_PATH}/Podfile.lock\" \"${PODS_ROOT}/Manifest.lock\" > /dev/null\nif [ $? != 0 ] ; then\n    # print error to STDERR\n    echo \"error: The sandbox is not in sync with the Podfile.lock. Run 'pod install' or update your CocoaPods installation.\" >&2\n    exit 1\nfi\n# This output is used by Xcode 'outputs' to avoid re-running this script phase.\necho \"SUCCESS\" > \"${SCRIPT_OUTPUT_FILE_0}\"\n";
			showEnvVarsInLog = 0;
		};
		AF81A26DBC89E0681D118EE5 /* [CP] Check Pods Manifest.lock */ = {
			isa = PBXShellScriptBuildPhase;
			buildActionMask = 2147483647;
			files = (
			);
			inputFileListPaths = (
			);
			inputPaths = (
				"${PODS_PODFILE_DIR_PATH}/Podfile.lock",
				"${PODS_ROOT}/Manifest.lock",
			);
			name = "[CP] Check Pods Manifest.lock";
			outputFileListPaths = (
			);
			outputPaths = (
				"$(DERIVED_FILE_DIR)/Pods-NativebaseKitchenSinkTests-checkManifestLockResult.txt",
			);
			runOnlyForDeploymentPostprocessing = 0;
			shellPath = /bin/sh;
			shellScript = "diff \"${PODS_PODFILE_DIR_PATH}/Podfile.lock\" \"${PODS_ROOT}/Manifest.lock\" > /dev/null\nif [ $? != 0 ] ; then\n    # print error to STDERR\n    echo \"error: The sandbox is not in sync with the Podfile.lock. Run 'pod install' or update your CocoaPods installation.\" >&2\n    exit 1\nfi\n# This output is used by Xcode 'outputs' to avoid re-running this script phase.\necho \"SUCCESS\" > \"${SCRIPT_OUTPUT_FILE_0}\"\n";
			showEnvVarsInLog = 0;
		};
		FD10A7F022414F080027D42C /* Start Packager */ = {
			isa = PBXShellScriptBuildPhase;
			buildActionMask = 2147483647;
			files = (
			);
			inputFileListPaths = (
			);
			inputPaths = (
			);
			name = "Start Packager";
			outputFileListPaths = (
			);
			outputPaths = (
			);
			runOnlyForDeploymentPostprocessing = 0;
			shellPath = /bin/sh;
			shellScript = "export RCT_METRO_PORT=\"${RCT_METRO_PORT:=8081}\"\necho \"export RCT_METRO_PORT=${RCT_METRO_PORT}\" > \"${SRCROOT}/../node_modules/react-native/scripts/.packager.env\"\nif [ -z \"${RCT_NO_LAUNCH_PACKAGER+xxx}\" ] ; then\n  if nc -w 5 -z localhost ${RCT_METRO_PORT} ; then\n    if ! curl -s \"http://localhost:${RCT_METRO_PORT}/status\" | grep -q \"packager-status:running\" ; then\n      echo \"Port ${RCT_METRO_PORT} already in use, packager is either not running or not running correctly\"\n      exit 2\n    fi\n  else\n    open \"$SRCROOT/../node_modules/react-native/scripts/launchPackager.command\" || echo \"Can't start packager automatically\"\n  fi\nfi\n";
			showEnvVarsInLog = 0;
		};
		FD10A7F122414F3F0027D42C /* Start Packager */ = {
			isa = PBXShellScriptBuildPhase;
			buildActionMask = 2147483647;
			files = (
			);
			inputFileListPaths = (
			);
			inputPaths = (
			);
			name = "Start Packager";
			outputFileListPaths = (
			);
			outputPaths = (
			);
			runOnlyForDeploymentPostprocessing = 0;
			shellPath = /bin/sh;
			shellScript = "export RCT_METRO_PORT=\"${RCT_METRO_PORT:=8081}\"\necho \"export RCT_METRO_PORT=${RCT_METRO_PORT}\" > \"${SRCROOT}/../node_modules/react-native/scripts/.packager.env\"\nif [ -z \"${RCT_NO_LAUNCH_PACKAGER+xxx}\" ] ; then\n  if nc -w 5 -z localhost ${RCT_METRO_PORT} ; then\n    if ! curl -s \"http://localhost:${RCT_METRO_PORT}/status\" | grep -q \"packager-status:running\" ; then\n      echo \"Port ${RCT_METRO_PORT} already in use, packager is either not running or not running correctly\"\n      exit 2\n    fi\n  else\n    open \"$SRCROOT/../node_modules/react-native/scripts/launchPackager.command\" || echo \"Can't start packager automatically\"\n  fi\nfi\n";
			showEnvVarsInLog = 0;
		};
/* End PBXShellScriptBuildPhase section */

/* Begin PBXSourcesBuildPhase section */
		00E356EA1AD99517003FC87E /* Sources */ = {
			isa = PBXSourcesBuildPhase;
			buildActionMask = 2147483647;
			files = (
				00E356F31AD99517003FC87E /* NativebaseKitchenSinkTests.m in Sources */,
			);
			runOnlyForDeploymentPostprocessing = 0;
		};
		13B07F871A680F5B00A75B9A /* Sources */ = {
			isa = PBXSourcesBuildPhase;
			buildActionMask = 2147483647;
			files = (
				13B07FBC1A68108700A75B9A /* AppDelegate.m in Sources */,
				13B07FC11A68108700A75B9A /* main.m in Sources */,
			);
			runOnlyForDeploymentPostprocessing = 0;
		};
		2D02E4771E0B4A5D006451C7 /* Sources */ = {
			isa = PBXSourcesBuildPhase;
			buildActionMask = 2147483647;
			files = (
				2D02E4BF1E0B4AB3006451C7 /* main.m in Sources */,
				2D02E4BC1E0B4A80006451C7 /* AppDelegate.m in Sources */,
			);
			runOnlyForDeploymentPostprocessing = 0;
		};
		2D02E48C1E0B4A5D006451C7 /* Sources */ = {
			isa = PBXSourcesBuildPhase;
			buildActionMask = 2147483647;
			files = (
				2DCD954D1E0B4F2C00145EB5 /* NativebaseKitchenSinkTests.m in Sources */,
			);
			runOnlyForDeploymentPostprocessing = 0;
		};
/* End PBXSourcesBuildPhase section */

/* Begin PBXTargetDependency section */
		00E356F51AD99517003FC87E /* PBXTargetDependency */ = {
			isa = PBXTargetDependency;
			target = 13B07F861A680F5B00A75B9A /* NativebaseKitchenSink */;
			targetProxy = 00E356F41AD99517003FC87E /* PBXContainerItemProxy */;
		};
		2D02E4921E0B4A5D006451C7 /* PBXTargetDependency */ = {
			isa = PBXTargetDependency;
			target = 2D02E47A1E0B4A5D006451C7 /* NativebaseKitchenSink-tvOS */;
			targetProxy = 2D02E4911E0B4A5D006451C7 /* PBXContainerItemProxy */;
		};
/* End PBXTargetDependency section */

/* Begin PBXVariantGroup section */
		13B07FB11A68108700A75B9A /* LaunchScreen.xib */ = {
			isa = PBXVariantGroup;
			children = (
				13B07FB21A68108700A75B9A /* Base */,
			);
			name = LaunchScreen.xib;
			path = NativebaseKitchenSink;
			sourceTree = "<group>";
		};
/* End PBXVariantGroup section */

/* Begin XCBuildConfiguration section */
		00E356F61AD99517003FC87E /* Debug */ = {
			isa = XCBuildConfiguration;
			baseConfigurationReference = AE829EC6E565DCC30E0A9F21 /* Pods-NativebaseKitchenSinkTests.debug.xcconfig */;
			buildSettings = {
				BUNDLE_LOADER = "$(TEST_HOST)";
				GCC_PREPROCESSOR_DEFINITIONS = (
					"DEBUG=1",
					"$(inherited)",
				);
				INFOPLIST_FILE = NativebaseKitchenSinkTests/Info.plist;
				IPHONEOS_DEPLOYMENT_TARGET = 9.0;
				LD_RUNPATH_SEARCH_PATHS = "$(inherited) @executable_path/Frameworks @loader_path/Frameworks";
				OTHER_LDFLAGS = (
					"-ObjC",
					"-lc++",
					"$(inherited)",
				);
				PRODUCT_BUNDLE_IDENTIFIER = "org.reactjs.native.example.$(PRODUCT_NAME:rfc1034identifier)";
				PRODUCT_NAME = "$(TARGET_NAME)";
				TEST_HOST = "$(BUILT_PRODUCTS_DIR)/NativebaseKitchenSink.app/NativebaseKitchenSink";
			};
			name = Debug;
		};
		00E356F71AD99517003FC87E /* Release */ = {
			isa = XCBuildConfiguration;
			baseConfigurationReference = 74E73C756F7E21EC1D4B3726 /* Pods-NativebaseKitchenSinkTests.release.xcconfig */;
			buildSettings = {
				BUNDLE_LOADER = "$(TEST_HOST)";
				COPY_PHASE_STRIP = NO;
				INFOPLIST_FILE = NativebaseKitchenSinkTests/Info.plist;
				IPHONEOS_DEPLOYMENT_TARGET = 9.0;
				LD_RUNPATH_SEARCH_PATHS = "$(inherited) @executable_path/Frameworks @loader_path/Frameworks";
				OTHER_LDFLAGS = (
					"-ObjC",
					"-lc++",
					"$(inherited)",
				);
				PRODUCT_BUNDLE_IDENTIFIER = "org.reactjs.native.example.$(PRODUCT_NAME:rfc1034identifier)";
				PRODUCT_NAME = "$(TARGET_NAME)";
				TEST_HOST = "$(BUILT_PRODUCTS_DIR)/NativebaseKitchenSink.app/NativebaseKitchenSink";
			};
			name = Release;
		};
		13B07F941A680F5B00A75B9A /* Debug */ = {
			isa = XCBuildConfiguration;
			baseConfigurationReference = E1C59D0164699D349CB9D845 /* Pods-NativebaseKitchenSink.debug.xcconfig */;
			buildSettings = {
				ASSETCATALOG_COMPILER_APPICON_NAME = AppIcon;
				CURRENT_PROJECT_VERSION = 1;
				DEAD_CODE_STRIPPING = NO;
				INFOPLIST_FILE = NativebaseKitchenSink/Info.plist;
				LD_RUNPATH_SEARCH_PATHS = "$(inherited) @executable_path/Frameworks";
				OTHER_LDFLAGS = (
					"$(inherited)",
					"-ObjC",
					"-lc++",
				);
				PRODUCT_BUNDLE_IDENTIFIER = "org.reactjs.native.example.$(PRODUCT_NAME:rfc1034identifier)";
				PRODUCT_NAME = NativebaseKitchenSink;
				VERSIONING_SYSTEM = "apple-generic";
			};
			name = Debug;
		};
		13B07F951A680F5B00A75B9A /* Release */ = {
			isa = XCBuildConfiguration;
			baseConfigurationReference = 5A118F3878CFA84F3B48699E /* Pods-NativebaseKitchenSink.release.xcconfig */;
			buildSettings = {
				ASSETCATALOG_COMPILER_APPICON_NAME = AppIcon;
				CURRENT_PROJECT_VERSION = 1;
				INFOPLIST_FILE = NativebaseKitchenSink/Info.plist;
				LD_RUNPATH_SEARCH_PATHS = "$(inherited) @executable_path/Frameworks";
				OTHER_LDFLAGS = (
					"$(inherited)",
					"-ObjC",
					"-lc++",
				);
				PRODUCT_BUNDLE_IDENTIFIER = "org.reactjs.native.example.$(PRODUCT_NAME:rfc1034identifier)";
				PRODUCT_NAME = NativebaseKitchenSink;
				VERSIONING_SYSTEM = "apple-generic";
			};
			name = Release;
		};
		2D02E4971E0B4A5E006451C7 /* Debug */ = {
			isa = XCBuildConfiguration;
			baseConfigurationReference = 17E2B85FF7662E4D45EAC83E /* Pods-NativebaseKitchenSink-tvOS.debug.xcconfig */;
			buildSettings = {
				ASSETCATALOG_COMPILER_APPICON_NAME = "App Icon & Top Shelf Image";
				ASSETCATALOG_COMPILER_LAUNCHIMAGE_NAME = LaunchImage;
				CLANG_ANALYZER_NONNULL = YES;
				CLANG_WARN_DOCUMENTATION_COMMENTS = YES;
				CLANG_WARN_INFINITE_RECURSION = YES;
				CLANG_WARN_SUSPICIOUS_MOVE = YES;
				DEBUG_INFORMATION_FORMAT = dwarf;
				ENABLE_TESTABILITY = YES;
				GCC_NO_COMMON_BLOCKS = YES;
				INFOPLIST_FILE = "NativebaseKitchenSink-tvOS/Info.plist";
				LD_RUNPATH_SEARCH_PATHS = "$(inherited) @executable_path/Frameworks";
				OTHER_LDFLAGS = (
					"$(inherited)",
					"-ObjC",
					"-lc++",
				);
				PRODUCT_BUNDLE_IDENTIFIER = "com.facebook.REACT.NativebaseKitchenSink-tvOS";
				PRODUCT_NAME = "$(TARGET_NAME)";
				SDKROOT = appletvos;
				TARGETED_DEVICE_FAMILY = 3;
				TVOS_DEPLOYMENT_TARGET = 9.2;
			};
			name = Debug;
		};
		2D02E4981E0B4A5E006451C7 /* Release */ = {
			isa = XCBuildConfiguration;
			baseConfigurationReference = 8C8896614E75023895A9A24C /* Pods-NativebaseKitchenSink-tvOS.release.xcconfig */;
			buildSettings = {
				ASSETCATALOG_COMPILER_APPICON_NAME = "App Icon & Top Shelf Image";
				ASSETCATALOG_COMPILER_LAUNCHIMAGE_NAME = LaunchImage;
				CLANG_ANALYZER_NONNULL = YES;
				CLANG_WARN_DOCUMENTATION_COMMENTS = YES;
				CLANG_WARN_INFINITE_RECURSION = YES;
				CLANG_WARN_SUSPICIOUS_MOVE = YES;
				COPY_PHASE_STRIP = NO;
				DEBUG_INFORMATION_FORMAT = "dwarf-with-dsym";
				GCC_NO_COMMON_BLOCKS = YES;
				INFOPLIST_FILE = "NativebaseKitchenSink-tvOS/Info.plist";
				LD_RUNPATH_SEARCH_PATHS = "$(inherited) @executable_path/Frameworks";
				OTHER_LDFLAGS = (
					"$(inherited)",
					"-ObjC",
					"-lc++",
				);
				PRODUCT_BUNDLE_IDENTIFIER = "com.facebook.REACT.NativebaseKitchenSink-tvOS";
				PRODUCT_NAME = "$(TARGET_NAME)";
				SDKROOT = appletvos;
				TARGETED_DEVICE_FAMILY = 3;
				TVOS_DEPLOYMENT_TARGET = 9.2;
			};
			name = Release;
		};
		2D02E4991E0B4A5E006451C7 /* Debug */ = {
			isa = XCBuildConfiguration;
			baseConfigurationReference = C5F681E6ABA9F343BDE94D4F /* Pods-NativebaseKitchenSink-tvOSTests.debug.xcconfig */;
			buildSettings = {
				BUNDLE_LOADER = "$(TEST_HOST)";
				CLANG_ANALYZER_NONNULL = YES;
				CLANG_WARN_DOCUMENTATION_COMMENTS = YES;
				CLANG_WARN_INFINITE_RECURSION = YES;
				CLANG_WARN_SUSPICIOUS_MOVE = YES;
				DEBUG_INFORMATION_FORMAT = dwarf;
				ENABLE_TESTABILITY = YES;
				GCC_NO_COMMON_BLOCKS = YES;
				INFOPLIST_FILE = "NativebaseKitchenSink-tvOSTests/Info.plist";
				LD_RUNPATH_SEARCH_PATHS = "$(inherited) @executable_path/Frameworks @loader_path/Frameworks";
				OTHER_LDFLAGS = (
					"$(inherited)",
					"-ObjC",
					"-lc++",
				);
				PRODUCT_BUNDLE_IDENTIFIER = "com.facebook.REACT.NativebaseKitchenSink-tvOSTests";
				PRODUCT_NAME = "$(TARGET_NAME)";
				SDKROOT = appletvos;
				TEST_HOST = "$(BUILT_PRODUCTS_DIR)/NativebaseKitchenSink-tvOS.app/NativebaseKitchenSink-tvOS";
				TVOS_DEPLOYMENT_TARGET = 10.1;
			};
			name = Debug;
		};
		2D02E49A1E0B4A5E006451C7 /* Release */ = {
			isa = XCBuildConfiguration;
			baseConfigurationReference = 2B18689080AA52A84BCB181B /* Pods-NativebaseKitchenSink-tvOSTests.release.xcconfig */;
			buildSettings = {
				BUNDLE_LOADER = "$(TEST_HOST)";
				CLANG_ANALYZER_NONNULL = YES;
				CLANG_WARN_DOCUMENTATION_COMMENTS = YES;
				CLANG_WARN_INFINITE_RECURSION = YES;
				CLANG_WARN_SUSPICIOUS_MOVE = YES;
				COPY_PHASE_STRIP = NO;
				DEBUG_INFORMATION_FORMAT = "dwarf-with-dsym";
				GCC_NO_COMMON_BLOCKS = YES;
				INFOPLIST_FILE = "NativebaseKitchenSink-tvOSTests/Info.plist";
				LD_RUNPATH_SEARCH_PATHS = "$(inherited) @executable_path/Frameworks @loader_path/Frameworks";
				OTHER_LDFLAGS = (
					"$(inherited)",
					"-ObjC",
					"-lc++",
				);
				PRODUCT_BUNDLE_IDENTIFIER = "com.facebook.REACT.NativebaseKitchenSink-tvOSTests";
				PRODUCT_NAME = "$(TARGET_NAME)";
				SDKROOT = appletvos;
				TEST_HOST = "$(BUILT_PRODUCTS_DIR)/NativebaseKitchenSink-tvOS.app/NativebaseKitchenSink-tvOS";
				TVOS_DEPLOYMENT_TARGET = 10.1;
			};
			name = Release;
		};
		83CBBA201A601CBA00E9B192 /* Debug */ = {
			isa = XCBuildConfiguration;
			buildSettings = {
				ALWAYS_SEARCH_USER_PATHS = NO;
				CLANG_CXX_LANGUAGE_STANDARD = "gnu++0x";
				CLANG_CXX_LIBRARY = "libc++";
				CLANG_ENABLE_MODULES = YES;
				CLANG_ENABLE_OBJC_ARC = YES;
				CLANG_WARN_BLOCK_CAPTURE_AUTORELEASING = YES;
				CLANG_WARN_BOOL_CONVERSION = YES;
				CLANG_WARN_COMMA = YES;
				CLANG_WARN_CONSTANT_CONVERSION = YES;
				CLANG_WARN_DEPRECATED_OBJC_IMPLEMENTATIONS = YES;
				CLANG_WARN_DIRECT_OBJC_ISA_USAGE = YES_ERROR;
				CLANG_WARN_EMPTY_BODY = YES;
				CLANG_WARN_ENUM_CONVERSION = YES;
				CLANG_WARN_INFINITE_RECURSION = YES;
				CLANG_WARN_INT_CONVERSION = YES;
				CLANG_WARN_NON_LITERAL_NULL_CONVERSION = YES;
				CLANG_WARN_OBJC_IMPLICIT_RETAIN_SELF = YES;
				CLANG_WARN_OBJC_LITERAL_CONVERSION = YES;
				CLANG_WARN_OBJC_ROOT_CLASS = YES_ERROR;
				CLANG_WARN_RANGE_LOOP_ANALYSIS = YES;
				CLANG_WARN_STRICT_PROTOTYPES = YES;
				CLANG_WARN_SUSPICIOUS_MOVE = YES;
				CLANG_WARN_UNREACHABLE_CODE = YES;
				CLANG_WARN__DUPLICATE_METHOD_MATCH = YES;
				"CODE_SIGN_IDENTITY[sdk=iphoneos*]" = "iPhone Developer";
				COPY_PHASE_STRIP = NO;
				ENABLE_STRICT_OBJC_MSGSEND = YES;
				ENABLE_TESTABILITY = YES;
				GCC_C_LANGUAGE_STANDARD = gnu99;
				GCC_DYNAMIC_NO_PIC = NO;
				GCC_NO_COMMON_BLOCKS = YES;
				GCC_OPTIMIZATION_LEVEL = 0;
				GCC_PREPROCESSOR_DEFINITIONS = (
					"DEBUG=1",
					"$(inherited)",
				);
				GCC_SYMBOLS_PRIVATE_EXTERN = NO;
				GCC_WARN_64_TO_32_BIT_CONVERSION = YES;
				GCC_WARN_ABOUT_RETURN_TYPE = YES_ERROR;
				GCC_WARN_UNDECLARED_SELECTOR = YES;
				GCC_WARN_UNINITIALIZED_AUTOS = YES_AGGRESSIVE;
				GCC_WARN_UNUSED_FUNCTION = YES;
				GCC_WARN_UNUSED_VARIABLE = YES;
				IPHONEOS_DEPLOYMENT_TARGET = 9.0;
				MTL_ENABLE_DEBUG_INFO = YES;
				ONLY_ACTIVE_ARCH = YES;
				SDKROOT = iphoneos;
			};
			name = Debug;
		};
		83CBBA211A601CBA00E9B192 /* Release */ = {
			isa = XCBuildConfiguration;
			buildSettings = {
				ALWAYS_SEARCH_USER_PATHS = NO;
				CLANG_CXX_LANGUAGE_STANDARD = "gnu++0x";
				CLANG_CXX_LIBRARY = "libc++";
				CLANG_ENABLE_MODULES = YES;
				CLANG_ENABLE_OBJC_ARC = YES;
				CLANG_WARN_BLOCK_CAPTURE_AUTORELEASING = YES;
				CLANG_WARN_BOOL_CONVERSION = YES;
				CLANG_WARN_COMMA = YES;
				CLANG_WARN_CONSTANT_CONVERSION = YES;
				CLANG_WARN_DEPRECATED_OBJC_IMPLEMENTATIONS = YES;
				CLANG_WARN_DIRECT_OBJC_ISA_USAGE = YES_ERROR;
				CLANG_WARN_EMPTY_BODY = YES;
				CLANG_WARN_ENUM_CONVERSION = YES;
				CLANG_WARN_INFINITE_RECURSION = YES;
				CLANG_WARN_INT_CONVERSION = YES;
				CLANG_WARN_NON_LITERAL_NULL_CONVERSION = YES;
				CLANG_WARN_OBJC_IMPLICIT_RETAIN_SELF = YES;
				CLANG_WARN_OBJC_LITERAL_CONVERSION = YES;
				CLANG_WARN_OBJC_ROOT_CLASS = YES_ERROR;
				CLANG_WARN_RANGE_LOOP_ANALYSIS = YES;
				CLANG_WARN_STRICT_PROTOTYPES = YES;
				CLANG_WARN_SUSPICIOUS_MOVE = YES;
				CLANG_WARN_UNREACHABLE_CODE = YES;
				CLANG_WARN__DUPLICATE_METHOD_MATCH = YES;
				"CODE_SIGN_IDENTITY[sdk=iphoneos*]" = "iPhone Developer";
				COPY_PHASE_STRIP = YES;
				ENABLE_NS_ASSERTIONS = NO;
				ENABLE_STRICT_OBJC_MSGSEND = YES;
				GCC_C_LANGUAGE_STANDARD = gnu99;
				GCC_NO_COMMON_BLOCKS = YES;
				GCC_WARN_64_TO_32_BIT_CONVERSION = YES;
				GCC_WARN_ABOUT_RETURN_TYPE = YES_ERROR;
				GCC_WARN_UNDECLARED_SELECTOR = YES;
				GCC_WARN_UNINITIALIZED_AUTOS = YES_AGGRESSIVE;
				GCC_WARN_UNUSED_FUNCTION = YES;
				GCC_WARN_UNUSED_VARIABLE = YES;
				IPHONEOS_DEPLOYMENT_TARGET = 9.0;
				MTL_ENABLE_DEBUG_INFO = NO;
				SDKROOT = iphoneos;
				VALIDATE_PRODUCT = YES;
			};
			name = Release;
		};
/* End XCBuildConfiguration section */

/* Begin XCConfigurationList section */
		00E357021AD99517003FC87E /* Build configuration list for PBXNativeTarget "NativebaseKitchenSinkTests" */ = {
			isa = XCConfigurationList;
			buildConfigurations = (
				00E356F61AD99517003FC87E /* Debug */,
				00E356F71AD99517003FC87E /* Release */,
			);
			defaultConfigurationIsVisible = 0;
			defaultConfigurationName = Release;
		};
		13B07F931A680F5B00A75B9A /* Build configuration list for PBXNativeTarget "NativebaseKitchenSink" */ = {
			isa = XCConfigurationList;
			buildConfigurations = (
				13B07F941A680F5B00A75B9A /* Debug */,
				13B07F951A680F5B00A75B9A /* Release */,
			);
			defaultConfigurationIsVisible = 0;
			defaultConfigurationName = Release;
		};
		2D02E4BA1E0B4A5E006451C7 /* Build configuration list for PBXNativeTarget "NativebaseKitchenSink-tvOS" */ = {
			isa = XCConfigurationList;
			buildConfigurations = (
				2D02E4971E0B4A5E006451C7 /* Debug */,
				2D02E4981E0B4A5E006451C7 /* Release */,
			);
			defaultConfigurationIsVisible = 0;
			defaultConfigurationName = Release;
		};
		2D02E4BB1E0B4A5E006451C7 /* Build configuration list for PBXNativeTarget "NativebaseKitchenSink-tvOSTests" */ = {
			isa = XCConfigurationList;
			buildConfigurations = (
				2D02E4991E0B4A5E006451C7 /* Debug */,
				2D02E49A1E0B4A5E006451C7 /* Release */,
			);
			defaultConfigurationIsVisible = 0;
			defaultConfigurationName = Release;
		};
		83CBB9FA1A601CBA00E9B192 /* Build configuration list for PBXProject "NativebaseKitchenSink" */ = {
			isa = XCConfigurationList;
			buildConfigurations = (
				83CBBA201A601CBA00E9B192 /* Debug */,
				83CBBA211A601CBA00E9B192 /* Release */,
			);
			defaultConfigurationIsVisible = 0;
			defaultConfigurationName = Release;
		};
/* End XCConfigurationList section */
	};
	rootObject = 83CBB9F71A601CBA00E9B192 /* Project object */;
}
